
Microsoft Visual Studio Solution File, Format Version 12.00
# Visual Studio 14
VisualStudioVersion = 14.0.25420.1
MinimumVisualStudioVersion = 10.0.40219.1
Project("{FAE04EC0-301F-11D3-BF4B-00C04F79EFBC}") = "a_tehtava_4", "tehtava_4\a_tehtava_4.csproj", "{139F068F-930D-4058-89E1-A48670CCBA26}"
EndProject
Project("{FAE04EC0-301F-11D3-BF4B-00C04F79EFBC}") = "a_tehtava_5", "tehtava_5\a_tehtava_5.csproj", "{57B8E4B6-996D-4431-B75B-7F5929C0F33A}"
EndProject
Project("{FAE04EC0-301F-11D3-BF4B-00C04F79EFBC}") = "a_tehtava_6", "l1_tehtava_6\a_tehtava_6.csproj", "{E426192D-A295-48BB-B843-BE72AEDF0D8C}"
EndProject
Project("{FAE04EC0-301F-11D3-BF4B-00C04F79EFBC}") = "a_Tehtava_7", "l1Tehtava7\a_Tehtava_7.csproj", "{AA6633D0-45CC-4CAC-912F-1AD4B71E1092}"
EndProject
Project("{FAE04EC0-301F-11D3-BF4B-00C04F79EFBC}") = "a_Tehtava_8", "l1Tehtava8\a_Tehtava_8.csproj", "{B8B06D7C-D39B-43EE-8844-F6D5F2749972}"
EndProject
Project("{FAE04EC0-301F-11D3-BF4B-00C04F79EFBC}") = "a_Tehtava_9", "l1Tehtava9\a_Tehtava_9.csproj", "{14683948-482C-4434-BAB1-938D6A7FA130}"
EndProject
Project("{FAE04EC0-301F-11D3-BF4B-00C04F79EFBC}") = "b_Tehtava_10", "l1Tehtava10\b_Tehtava_10.csproj", "{B03DCE6E-829F-4A8D-AEE8-21EEAE020A67}"
EndProject
Project("{FAE04EC0-301F-11D3-BF4B-00C04F79EFBC}") = "lottokone", "lottokone\lottokone.csproj", "{47631C7D-686A-4700-8C60-F04435C9D1BC}"
EndProject
Project("{FAE04EC0-301F-11D3-BF4B-00C04F79EFBC}") = "a_tehtava_1", "a_tehtava_1\a_tehtava_1.csproj", "{5BF34CDC-D00A-43F2-8590-6860B8A5D5DD}"
EndProject
Project("{FAE04EC0-301F-11D3-BF4B-00C04F79EFBC}") = "a_tehtava_2", "a_tehtava_2\a_tehtava_2.csproj", "{4E16451A-291E-4EA6-BDAB-6EB02EEACDD2}"
EndProject
Project("{FAE04EC0-301F-11D3-BF4B-00C04F79EFBC}") = "a_tehtava_3", "a_tehtava_3\a_tehtava_3.csproj", "{707C5A42-F93B-4D0A-B5A3-0A3A101C9B74}"
EndProject
Project("{FAE04EC0-301F-11D3-BF4B-00C04F79EFBC}") = "b_tehtava_11", "b_tehtava_11\b_tehtava_11.csproj", "{E5E14C12-04EE-42CB-92FD-A72913D68ED0}"
EndProject
Project("{FAE04EC0-301F-11D3-BF4B-00C04F79EFBC}") = "Hello", "Hello\Hello.csproj", "{0BD2A85E-82A3-4D6E-8C78-A445DDD7178A}"
EndProject
Project("{FAE04EC0-301F-11D3-BF4B-00C04F79EFBC}") = "b_tehtava_12", "b_tehtava_12\b_tehtava_12.csproj", "{47FC3EC8-841A-4396-90A8-F3BA61DD8892}"
EndProject
Project("{FAE04EC0-301F-11D3-BF4B-00C04F79EFBC}") = "nimetaakkos", "nimetaakkos\nimetaakkos.csproj", "{BC36186F-6A91-4805-ACE2-D3E55FADD882}"
EndProject
Project("{FAE04EC0-301F-11D3-BF4B-00C04F79EFBC}") = "b_tehtava_13", "b_tehtava_13\b_tehtava_13.csproj", "{2278FFCE-7068-40CD-9C71-0387F8F6746A}"
EndProject
Project("{FAE04EC0-301F-11D3-BF4B-00C04F79EFBC}") = "b_tehtava_14", "b_tehtava_14\b_tehtava_14.csproj", "{BF9A39AD-FC79-411E-8341-6D2E55382C88}"
EndProject
Project("{FAE04EC0-301F-11D3-BF4B-00C04F79EFBC}") = "b_tehtava_15", "b_tehtava_15\b_tehtava_15.csproj", "{DA5ED592-6022-4316-B6B4-CAFA0928554C}"
EndProject
Project("{FAE04EC0-301F-11D3-BF4B-00C04F79EFBC}") = "b_tehtava_16", "b_tehtava16\b_tehtava_16.csproj", "{5321A2A5-684E-491A-B505-E9EF1D2484AC}"
EndProject
Project("{FAE04EC0-301F-11D3-BF4B-00C04F79EFBC}") = "b_tehtava_17", "b_tehtava_17\b_tehtava_17.csproj", "{D4248049-AF4B-409E-844A-169361AFA708}"
EndProject
Project("{FAE04EC0-301F-11D3-BF4B-00C04F79EFBC}") = "b_tehtava_18", "b_tehtava_18\b_tehtava_18.csproj", "{EBF1B830-DB2C-400F-A7C8-1CB663453FC2}"
EndProject
Project("{FAE04EC0-301F-11D3-BF4B-00C04F79EFBC}") = "b_tehtava_19", "b_tehtava_19\b_tehtava_19.csproj", "{7BD2EE23-633B-4BB1-82BA-A326BBD09DE4}"
EndProject
Project("{FAE04EC0-301F-11D3-BF4B-00C04F79EFBC}") = "b_tehtava_20", "b_tehtava_20\b_tehtava_20.csproj", "{CAD2033E-5FC7-46AD-97C7-2FE40F68F8E1}"
EndProject
Project("{2150E333-8FDC-42A3-9474-1A3956D46DE8}") = "labra 1-2", "labra 1-2", "{4BAD4472-192F-46F9-86D8-42ADC7A428A3}"
EndProject
Project("{2150E333-8FDC-42A3-9474-1A3956D46DE8}") = "labra 3", "labra 3", "{C0F099E4-35E7-4B30-9283-B53E54BD9481}"
EndProject
Project("{FAE04EC0-301F-11D3-BF4B-00C04F79EFBC}") = "tehtava_1", "tehtava_1\tehtava_1.csproj", "{BBAD0BE7-AEAA-45C9-9206-7CC011C65EBC}"
EndProject
Project("{FAE04EC0-301F-11D3-BF4B-00C04F79EFBC}") = "tehtava_2", "tehtava_2\tehtava_2.csproj", "{8E86A106-EA1E-408D-9EB8-77F55379A606}"
EndProject
Project("{FAE04EC0-301F-11D3-BF4B-00C04F79EFBC}") = "tehtava_3", "tehtava_3\tehtava_3.csproj", "{6657F337-9557-4A0A-A232-67C6D467EDCA}"
EndProject
Project("{FAE04EC0-301F-11D3-BF4B-00C04F79EFBC}") = "labra3_tehtava_4", "labra3_tehtava_4\labra3_tehtava_4.csproj", "{5639F935-766F-40F2-9751-446E52EEFD6D}"
EndProject
Project("{FAE04EC0-301F-11D3-BF4B-00C04F79EFBC}") = "labra3_tehtava_5", "labra3_tehtava_5\labra3_tehtava_5.csproj", "{BB547BEC-F8F9-4077-A50D-72983BB8E24D}"
EndProject
Project("{FAE04EC0-301F-11D3-BF4B-00C04F79EFBC}") = "tehtava_6", "tehtava_6\tehtava_6.csproj", "{13C78650-5C03-4A86-9DA6-30101943446A}"
EndProject
Project("{FAE04EC0-301F-11D3-BF4B-00C04F79EFBC}") = "tehtava_7", "tehtava_7\tehtava_7.csproj", "{D558DC1A-1321-4020-80AD-43927F2013FF}"
EndProject
Project("{2150E333-8FDC-42A3-9474-1A3956D46DE8}") = "Labra 4", "Labra 4", "{F7B9BF96-046E-4491-B237-E68E5096F2AE}"
EndProject
Project("{FAE04EC0-301F-11D3-BF4B-00C04F79EFBC}") = "labra4_tehtava_1", "labra4_tehtava_1\labra4_tehtava_1.csproj", "{0656001A-3E3B-4DD5-9258-71622A6E4558}"
EndProject
Project("{FAE04EC0-301F-11D3-BF4B-00C04F79EFBC}") = "labra4_tehtava_2", "labra4_tehtava_2\labra4_tehtava_2.csproj", "{CAFFC320-7704-4B4F-8AB5-C8FB4E456586}"
EndProject
Project("{FAE04EC0-301F-11D3-BF4B-00C04F79EFBC}") = "labra4_tehtava_3", "labra4_tehtava_3\labra4_tehtava_3.csproj", "{4630FFE6-DCA3-46D8-802C-33DFA484BDCB}"
EndProject
Project("{FAE04EC0-301F-11D3-BF4B-00C04F79EFBC}") = "labra4_tehtava_4", "labra4_tehtava_4\labra4_tehtava_4.csproj", "{C50667A8-A79B-4B71-9929-6A0947D5085B}"
EndProject
Project("{FAE04EC0-301F-11D3-BF4B-00C04F79EFBC}") = "labra4_tehtava_5", "labra4_tehtava_5\labra4_tehtava_5.csproj", "{D71C4684-B38F-42E9-B3A5-C674F4A8BBB5}"
EndProject
Project("{FAE04EC0-301F-11D3-BF4B-00C04F79EFBC}") = "labra4_tehtava_6", "labra4_tehtava_6\labra4_tehtava_6.csproj", "{8DE8DFA0-C968-4D6A-8361-3CC1BFF99BBD}"
EndProject
Project("{FAE04EC0-301F-11D3-BF4B-00C04F79EFBC}") = "Labra4_tehtava_7", "Labra4_tehtava_7\Labra4_tehtava_7.csproj", "{3D2098F3-E976-4BAA-B9F5-EB3139227F80}"
EndProject
Project("{2150E333-8FDC-42A3-9474-1A3956D46DE8}") = "Labra 5", "Labra 5", "{EAA40A4E-F5A4-4C3F-AFD8-7B19702834CD}"
EndProject
Project("{FAE04EC0-301F-11D3-BF4B-00C04F79EFBC}") = "Labra5_tehtava_1", "Labra5_tehtava_1\Labra5_tehtava_1.csproj", "{9C1384A1-BD8D-4470-81A2-0C882809B2C8}"
EndProject
Project("{FAE04EC0-301F-11D3-BF4B-00C04F79EFBC}") = "Labra5_tehtava_2", "Labra5_tehtava_2\Labra5_tehtava_2.csproj", "{4CB0E063-F676-4100-A5CB-2429AB80FC32}"
EndProject
Project("{FAE04EC0-301F-11D3-BF4B-00C04F79EFBC}") = "Labra5_tehtava_3", "Labra5_tehtava_3\Labra5_tehtava_3.csproj", "{4AD78D47-80F4-4A7C-8C71-80C5507B1260}"
EndProject
Project("{FAE04EC0-301F-11D3-BF4B-00C04F79EFBC}") = "Labra5_tehtava_4", "Labra5_tehtava_4\Labra5_tehtava_4.csproj", "{82543EA5-288F-4DBA-9357-17B616551432}"
EndProject
Project("{2150E333-8FDC-42A3-9474-1A3956D46DE8}") = "Labra 6", "Labra 6", "{FBBDC7C5-2FC9-4EC3-90F9-37E048AC13FA}"
EndProject
Project("{FAE04EC0-301F-11D3-BF4B-00C04F79EFBC}") = "Labra_6_Tehtava_1", "Labra_6_Tehtava_1\Labra_6_Tehtava_1.csproj", "{A0A4DC77-C2FA-4BBF-A1BB-D4C8C2AD106F}"
EndProject
Project("{FAE04EC0-301F-11D3-BF4B-00C04F79EFBC}") = "Labra_6_Tehtava_2", "Labra_6_Tehtava_2\Labra_6_Tehtava_2.csproj", "{03999401-E0D2-4B51-85F8-260ECBF035C8}"
EndProject
Project("{FAE04EC0-301F-11D3-BF4B-00C04F79EFBC}") = "Labra_6_Tehtava_3", "Labra_6_Tehtava_3\Labra_6_Tehtava_3.csproj", "{C84AD384-3FFE-41FE-8EF7-C29946F0CA31}"
EndProject
Project("{FAE04EC0-301F-11D3-BF4B-00C04F79EFBC}") = "Labra_6_Tehtava_4", "Labra_6_Tehtava_4\Labra_6_Tehtava_4.csproj", "{03CF9766-2B6E-495B-ABAA-C786A4E9028D}"
EndProject
Project("{FAE04EC0-301F-11D3-BF4B-00C04F79EFBC}") = "Labra_6_Tehtava_5", "Labra_6_Tehtava_5\Labra_6_Tehtava_5.csproj", "{89311C1B-CC62-49C3-BA3C-B696C7912526}"
EndProject
Project("{2150E333-8FDC-42A3-9474-1A3956D46DE8}") = "Labra 7", "Labra 7", "{A48299CD-E538-4D6E-876E-3D8E7B4649D5}"
EndProject
Project("{FAE04EC0-301F-11D3-BF4B-00C04F79EFBC}") = "Labra_7_Tehtava_1", "Labra_7_Tehtava_1\Labra_7_Tehtava_1.csproj", "{0C00E008-90AD-4FFA-AF93-BBD2D6EE3287}"
EndProject
Project("{FAE04EC0-301F-11D3-BF4B-00C04F79EFBC}") = "Labra_7_Tehtava_2", "Labra_7_Tehtava_2\Labra_7_Tehtava_2.csproj", "{89034543-B719-4B13-98CA-E79A94FE1736}"
EndProject
Project("{FAE04EC0-301F-11D3-BF4B-00C04F79EFBC}") = "Labra_7_Tehtava_3", "Labra_7_Tehtava_3\Labra_7_Tehtava_3.csproj", "{D71E4F31-ED80-40F4-8BBD-440A4CCC22BA}"
EndProject
Project("{FAE04EC0-301F-11D3-BF4B-00C04F79EFBC}") = "Labra_7_Tehtava_4", "Labra_7_Tehtava_4\Labra_7_Tehtava_4.csproj", "{1386FE96-BDBA-4086-B8F5-3DC7731A741A}"
EndProject
Project("{2150E333-8FDC-42A3-9474-1A3956D46DE8}") = "Yksikkotestaus", "Yksikkotestaus", "{326DA21F-927E-4DA7-B86F-5EA708BBAA5D}"
EndProject
Project("{FAE04EC0-301F-11D3-BF4B-00C04F79EFBC}") = "LaskinDemo", "LaskinDemo\LaskinDemo.csproj", "{C7CB6D13-87B8-43AC-96B9-E0B1B36A757F}"
EndProject
Project("{FAE04EC0-301F-11D3-BF4B-00C04F79EFBC}") = "LaskinDemoTests", "LaskinDemoTests\LaskinDemoTests.csproj", "{1CEB788C-271B-4B26-85A7-67D8DA7481B8}"
EndProject
Project("{2150E333-8FDC-42A3-9474-1A3956D46DE8}") = "Labra 8", "Labra 8", "{EEBAA041-CD7C-4D85-8A0D-04379BCC3F3C}"
EndProject
Project("{FAE04EC0-301F-11D3-BF4B-00C04F79EFBC}") = "Labra_8_Tehtava_1", "Labra_8_Tehtava_1\Labra_8_Tehtava_1.csproj", "{D67C676B-9B16-46FF-B903-8445FE4D173A}"
EndProject
Project("{FAE04EC0-301F-11D3-BF4B-00C04F79EFBC}") = "Labra_8_Tehtava_2", "Labra_8_Tehtava_2\Labra_8_Tehtava_2.csproj", "{54DEC3D4-392D-47E7-93FB-DB65F6027914}"
EndProject
Project("{FAE04EC0-301F-11D3-BF4B-00C04F79EFBC}") = "Labra_8_Tehtava_3", "Labra_8_Tehtava_3\Labra_8_Tehtava_3.csproj", "{53C66FE9-C027-41EE-AB06-32923938CE1B}"
EndProject
Project("{FAE04EC0-301F-11D3-BF4B-00C04F79EFBC}") = "Labra_8_Tehtava_4", "Labra_8_Tehtava_4\Labra_8_Tehtava_4.csproj", "{21076684-2D2C-4368-9E7E-8E296E00923C}"
EndProject
Project("{FAE04EC0-301F-11D3-BF4B-00C04F79EFBC}") = "Labra_8_Tehtava_5", "Labra_8_Tehtava_5\Labra_8_Tehtava_5.csproj", "{290D8FA1-5134-46A6-8E42-4B0B93C25D73}"
EndProject
Project("{FAE04EC0-301F-11D3-BF4B-00C04F79EFBC}") = "Labra_8_Tehtava_6", "Labra_8_Tehtava_6\Labra_8_Tehtava_6.csproj", "{D6438C5E-DFFE-4D59-AE4C-12EA1B0B630B}"
EndProject
Project("{FAE04EC0-301F-11D3-BF4B-00C04F79EFBC}") = "Labra_8_Tehtava_5Tests", "Labra_8_Tehtava_5Tests\Labra_8_Tehtava_5Tests.csproj", "{614EAFAE-AF0B-432D-B356-2E622FF502EC}"
EndProject
Project("{FAE04EC0-301F-11D3-BF4B-00C04F79EFBC}") = "Labra_8_Tehtava_6Tests", "Labra_8_Tehtava_6Tests\Labra_8_Tehtava_6Tests.csproj", "{EB3E74EA-6199-4BF7-9FA5-0FD543A04534}"
EndProject
Global
	GlobalSection(SolutionConfigurationPlatforms) = preSolution
		Debug|Any CPU = Debug|Any CPU
		Release|Any CPU = Release|Any CPU
	EndGlobalSection
	GlobalSection(ProjectConfigurationPlatforms) = postSolution
		{139F068F-930D-4058-89E1-A48670CCBA26}.Debug|Any CPU.ActiveCfg = Debug|Any CPU
		{139F068F-930D-4058-89E1-A48670CCBA26}.Debug|Any CPU.Build.0 = Debug|Any CPU
		{139F068F-930D-4058-89E1-A48670CCBA26}.Release|Any CPU.ActiveCfg = Release|Any CPU
		{139F068F-930D-4058-89E1-A48670CCBA26}.Release|Any CPU.Build.0 = Release|Any CPU
		{57B8E4B6-996D-4431-B75B-7F5929C0F33A}.Debug|Any CPU.ActiveCfg = Debug|Any CPU
		{57B8E4B6-996D-4431-B75B-7F5929C0F33A}.Debug|Any CPU.Build.0 = Debug|Any CPU
		{57B8E4B6-996D-4431-B75B-7F5929C0F33A}.Release|Any CPU.ActiveCfg = Release|Any CPU
		{57B8E4B6-996D-4431-B75B-7F5929C0F33A}.Release|Any CPU.Build.0 = Release|Any CPU
		{E426192D-A295-48BB-B843-BE72AEDF0D8C}.Debug|Any CPU.ActiveCfg = Debug|Any CPU
		{E426192D-A295-48BB-B843-BE72AEDF0D8C}.Debug|Any CPU.Build.0 = Debug|Any CPU
		{E426192D-A295-48BB-B843-BE72AEDF0D8C}.Release|Any CPU.ActiveCfg = Release|Any CPU
		{E426192D-A295-48BB-B843-BE72AEDF0D8C}.Release|Any CPU.Build.0 = Release|Any CPU
		{AA6633D0-45CC-4CAC-912F-1AD4B71E1092}.Debug|Any CPU.ActiveCfg = Debug|Any CPU
		{AA6633D0-45CC-4CAC-912F-1AD4B71E1092}.Debug|Any CPU.Build.0 = Debug|Any CPU
		{AA6633D0-45CC-4CAC-912F-1AD4B71E1092}.Release|Any CPU.ActiveCfg = Release|Any CPU
		{AA6633D0-45CC-4CAC-912F-1AD4B71E1092}.Release|Any CPU.Build.0 = Release|Any CPU
		{B8B06D7C-D39B-43EE-8844-F6D5F2749972}.Debug|Any CPU.ActiveCfg = Debug|Any CPU
		{B8B06D7C-D39B-43EE-8844-F6D5F2749972}.Debug|Any CPU.Build.0 = Debug|Any CPU
		{B8B06D7C-D39B-43EE-8844-F6D5F2749972}.Release|Any CPU.ActiveCfg = Release|Any CPU
		{B8B06D7C-D39B-43EE-8844-F6D5F2749972}.Release|Any CPU.Build.0 = Release|Any CPU
		{14683948-482C-4434-BAB1-938D6A7FA130}.Debug|Any CPU.ActiveCfg = Debug|Any CPU
		{14683948-482C-4434-BAB1-938D6A7FA130}.Debug|Any CPU.Build.0 = Debug|Any CPU
		{14683948-482C-4434-BAB1-938D6A7FA130}.Release|Any CPU.ActiveCfg = Release|Any CPU
		{14683948-482C-4434-BAB1-938D6A7FA130}.Release|Any CPU.Build.0 = Release|Any CPU
		{B03DCE6E-829F-4A8D-AEE8-21EEAE020A67}.Debug|Any CPU.ActiveCfg = Debug|Any CPU
		{B03DCE6E-829F-4A8D-AEE8-21EEAE020A67}.Debug|Any CPU.Build.0 = Debug|Any CPU
		{B03DCE6E-829F-4A8D-AEE8-21EEAE020A67}.Release|Any CPU.ActiveCfg = Release|Any CPU
		{B03DCE6E-829F-4A8D-AEE8-21EEAE020A67}.Release|Any CPU.Build.0 = Release|Any CPU
		{47631C7D-686A-4700-8C60-F04435C9D1BC}.Debug|Any CPU.ActiveCfg = Debug|Any CPU
		{47631C7D-686A-4700-8C60-F04435C9D1BC}.Debug|Any CPU.Build.0 = Debug|Any CPU
		{47631C7D-686A-4700-8C60-F04435C9D1BC}.Release|Any CPU.ActiveCfg = Release|Any CPU
		{47631C7D-686A-4700-8C60-F04435C9D1BC}.Release|Any CPU.Build.0 = Release|Any CPU
		{5BF34CDC-D00A-43F2-8590-6860B8A5D5DD}.Debug|Any CPU.ActiveCfg = Debug|Any CPU
		{5BF34CDC-D00A-43F2-8590-6860B8A5D5DD}.Debug|Any CPU.Build.0 = Debug|Any CPU
		{5BF34CDC-D00A-43F2-8590-6860B8A5D5DD}.Release|Any CPU.ActiveCfg = Release|Any CPU
		{5BF34CDC-D00A-43F2-8590-6860B8A5D5DD}.Release|Any CPU.Build.0 = Release|Any CPU
		{4E16451A-291E-4EA6-BDAB-6EB02EEACDD2}.Debug|Any CPU.ActiveCfg = Debug|Any CPU
		{4E16451A-291E-4EA6-BDAB-6EB02EEACDD2}.Debug|Any CPU.Build.0 = Debug|Any CPU
		{4E16451A-291E-4EA6-BDAB-6EB02EEACDD2}.Release|Any CPU.ActiveCfg = Release|Any CPU
		{4E16451A-291E-4EA6-BDAB-6EB02EEACDD2}.Release|Any CPU.Build.0 = Release|Any CPU
		{707C5A42-F93B-4D0A-B5A3-0A3A101C9B74}.Debug|Any CPU.ActiveCfg = Debug|Any CPU
		{707C5A42-F93B-4D0A-B5A3-0A3A101C9B74}.Debug|Any CPU.Build.0 = Debug|Any CPU
		{707C5A42-F93B-4D0A-B5A3-0A3A101C9B74}.Release|Any CPU.ActiveCfg = Release|Any CPU
		{707C5A42-F93B-4D0A-B5A3-0A3A101C9B74}.Release|Any CPU.Build.0 = Release|Any CPU
		{E5E14C12-04EE-42CB-92FD-A72913D68ED0}.Debug|Any CPU.ActiveCfg = Debug|Any CPU
		{E5E14C12-04EE-42CB-92FD-A72913D68ED0}.Debug|Any CPU.Build.0 = Debug|Any CPU
		{E5E14C12-04EE-42CB-92FD-A72913D68ED0}.Release|Any CPU.ActiveCfg = Release|Any CPU
		{E5E14C12-04EE-42CB-92FD-A72913D68ED0}.Release|Any CPU.Build.0 = Release|Any CPU
		{0BD2A85E-82A3-4D6E-8C78-A445DDD7178A}.Debug|Any CPU.ActiveCfg = Debug|Any CPU
		{0BD2A85E-82A3-4D6E-8C78-A445DDD7178A}.Debug|Any CPU.Build.0 = Debug|Any CPU
		{0BD2A85E-82A3-4D6E-8C78-A445DDD7178A}.Release|Any CPU.ActiveCfg = Release|Any CPU
		{0BD2A85E-82A3-4D6E-8C78-A445DDD7178A}.Release|Any CPU.Build.0 = Release|Any CPU
		{47FC3EC8-841A-4396-90A8-F3BA61DD8892}.Debug|Any CPU.ActiveCfg = Debug|Any CPU
		{47FC3EC8-841A-4396-90A8-F3BA61DD8892}.Debug|Any CPU.Build.0 = Debug|Any CPU
		{47FC3EC8-841A-4396-90A8-F3BA61DD8892}.Release|Any CPU.ActiveCfg = Release|Any CPU
		{47FC3EC8-841A-4396-90A8-F3BA61DD8892}.Release|Any CPU.Build.0 = Release|Any CPU
		{BC36186F-6A91-4805-ACE2-D3E55FADD882}.Debug|Any CPU.ActiveCfg = Debug|Any CPU
		{BC36186F-6A91-4805-ACE2-D3E55FADD882}.Debug|Any CPU.Build.0 = Debug|Any CPU
		{BC36186F-6A91-4805-ACE2-D3E55FADD882}.Release|Any CPU.ActiveCfg = Release|Any CPU
		{BC36186F-6A91-4805-ACE2-D3E55FADD882}.Release|Any CPU.Build.0 = Release|Any CPU
		{2278FFCE-7068-40CD-9C71-0387F8F6746A}.Debug|Any CPU.ActiveCfg = Debug|Any CPU
		{2278FFCE-7068-40CD-9C71-0387F8F6746A}.Debug|Any CPU.Build.0 = Debug|Any CPU
		{2278FFCE-7068-40CD-9C71-0387F8F6746A}.Release|Any CPU.ActiveCfg = Release|Any CPU
		{2278FFCE-7068-40CD-9C71-0387F8F6746A}.Release|Any CPU.Build.0 = Release|Any CPU
		{BF9A39AD-FC79-411E-8341-6D2E55382C88}.Debug|Any CPU.ActiveCfg = Debug|Any CPU
		{BF9A39AD-FC79-411E-8341-6D2E55382C88}.Debug|Any CPU.Build.0 = Debug|Any CPU
		{BF9A39AD-FC79-411E-8341-6D2E55382C88}.Release|Any CPU.ActiveCfg = Release|Any CPU
		{BF9A39AD-FC79-411E-8341-6D2E55382C88}.Release|Any CPU.Build.0 = Release|Any CPU
		{DA5ED592-6022-4316-B6B4-CAFA0928554C}.Debug|Any CPU.ActiveCfg = Debug|Any CPU
		{DA5ED592-6022-4316-B6B4-CAFA0928554C}.Debug|Any CPU.Build.0 = Debug|Any CPU
		{DA5ED592-6022-4316-B6B4-CAFA0928554C}.Release|Any CPU.ActiveCfg = Release|Any CPU
		{DA5ED592-6022-4316-B6B4-CAFA0928554C}.Release|Any CPU.Build.0 = Release|Any CPU
		{5321A2A5-684E-491A-B505-E9EF1D2484AC}.Debug|Any CPU.ActiveCfg = Debug|Any CPU
		{5321A2A5-684E-491A-B505-E9EF1D2484AC}.Debug|Any CPU.Build.0 = Debug|Any CPU
		{5321A2A5-684E-491A-B505-E9EF1D2484AC}.Release|Any CPU.ActiveCfg = Release|Any CPU
		{5321A2A5-684E-491A-B505-E9EF1D2484AC}.Release|Any CPU.Build.0 = Release|Any CPU
		{D4248049-AF4B-409E-844A-169361AFA708}.Debug|Any CPU.ActiveCfg = Debug|Any CPU
		{D4248049-AF4B-409E-844A-169361AFA708}.Debug|Any CPU.Build.0 = Debug|Any CPU
		{D4248049-AF4B-409E-844A-169361AFA708}.Release|Any CPU.ActiveCfg = Release|Any CPU
		{D4248049-AF4B-409E-844A-169361AFA708}.Release|Any CPU.Build.0 = Release|Any CPU
		{EBF1B830-DB2C-400F-A7C8-1CB663453FC2}.Debug|Any CPU.ActiveCfg = Debug|Any CPU
		{EBF1B830-DB2C-400F-A7C8-1CB663453FC2}.Debug|Any CPU.Build.0 = Debug|Any CPU
		{EBF1B830-DB2C-400F-A7C8-1CB663453FC2}.Release|Any CPU.ActiveCfg = Release|Any CPU
		{EBF1B830-DB2C-400F-A7C8-1CB663453FC2}.Release|Any CPU.Build.0 = Release|Any CPU
		{7BD2EE23-633B-4BB1-82BA-A326BBD09DE4}.Debug|Any CPU.ActiveCfg = Debug|Any CPU
		{7BD2EE23-633B-4BB1-82BA-A326BBD09DE4}.Debug|Any CPU.Build.0 = Debug|Any CPU
		{7BD2EE23-633B-4BB1-82BA-A326BBD09DE4}.Release|Any CPU.ActiveCfg = Release|Any CPU
		{7BD2EE23-633B-4BB1-82BA-A326BBD09DE4}.Release|Any CPU.Build.0 = Release|Any CPU
		{CAD2033E-5FC7-46AD-97C7-2FE40F68F8E1}.Debug|Any CPU.ActiveCfg = Debug|Any CPU
		{CAD2033E-5FC7-46AD-97C7-2FE40F68F8E1}.Debug|Any CPU.Build.0 = Debug|Any CPU
		{CAD2033E-5FC7-46AD-97C7-2FE40F68F8E1}.Release|Any CPU.ActiveCfg = Release|Any CPU
		{CAD2033E-5FC7-46AD-97C7-2FE40F68F8E1}.Release|Any CPU.Build.0 = Release|Any CPU
		{BBAD0BE7-AEAA-45C9-9206-7CC011C65EBC}.Debug|Any CPU.ActiveCfg = Debug|Any CPU
		{BBAD0BE7-AEAA-45C9-9206-7CC011C65EBC}.Debug|Any CPU.Build.0 = Debug|Any CPU
		{BBAD0BE7-AEAA-45C9-9206-7CC011C65EBC}.Release|Any CPU.ActiveCfg = Release|Any CPU
		{BBAD0BE7-AEAA-45C9-9206-7CC011C65EBC}.Release|Any CPU.Build.0 = Release|Any CPU
		{8E86A106-EA1E-408D-9EB8-77F55379A606}.Debug|Any CPU.ActiveCfg = Debug|Any CPU
		{8E86A106-EA1E-408D-9EB8-77F55379A606}.Debug|Any CPU.Build.0 = Debug|Any CPU
		{8E86A106-EA1E-408D-9EB8-77F55379A606}.Release|Any CPU.ActiveCfg = Release|Any CPU
		{8E86A106-EA1E-408D-9EB8-77F55379A606}.Release|Any CPU.Build.0 = Release|Any CPU
		{6657F337-9557-4A0A-A232-67C6D467EDCA}.Debug|Any CPU.ActiveCfg = Debug|Any CPU
		{6657F337-9557-4A0A-A232-67C6D467EDCA}.Debug|Any CPU.Build.0 = Debug|Any CPU
		{6657F337-9557-4A0A-A232-67C6D467EDCA}.Release|Any CPU.ActiveCfg = Release|Any CPU
		{6657F337-9557-4A0A-A232-67C6D467EDCA}.Release|Any CPU.Build.0 = Release|Any CPU
		{5639F935-766F-40F2-9751-446E52EEFD6D}.Debug|Any CPU.ActiveCfg = Debug|Any CPU
		{5639F935-766F-40F2-9751-446E52EEFD6D}.Debug|Any CPU.Build.0 = Debug|Any CPU
		{5639F935-766F-40F2-9751-446E52EEFD6D}.Release|Any CPU.ActiveCfg = Release|Any CPU
		{5639F935-766F-40F2-9751-446E52EEFD6D}.Release|Any CPU.Build.0 = Release|Any CPU
		{BB547BEC-F8F9-4077-A50D-72983BB8E24D}.Debug|Any CPU.ActiveCfg = Debug|Any CPU
		{BB547BEC-F8F9-4077-A50D-72983BB8E24D}.Debug|Any CPU.Build.0 = Debug|Any CPU
		{BB547BEC-F8F9-4077-A50D-72983BB8E24D}.Release|Any CPU.ActiveCfg = Release|Any CPU
		{BB547BEC-F8F9-4077-A50D-72983BB8E24D}.Release|Any CPU.Build.0 = Release|Any CPU
		{13C78650-5C03-4A86-9DA6-30101943446A}.Debug|Any CPU.ActiveCfg = Debug|Any CPU
		{13C78650-5C03-4A86-9DA6-30101943446A}.Debug|Any CPU.Build.0 = Debug|Any CPU
		{13C78650-5C03-4A86-9DA6-30101943446A}.Release|Any CPU.ActiveCfg = Release|Any CPU
		{13C78650-5C03-4A86-9DA6-30101943446A}.Release|Any CPU.Build.0 = Release|Any CPU
		{D558DC1A-1321-4020-80AD-43927F2013FF}.Debug|Any CPU.ActiveCfg = Debug|Any CPU
		{D558DC1A-1321-4020-80AD-43927F2013FF}.Debug|Any CPU.Build.0 = Debug|Any CPU
		{D558DC1A-1321-4020-80AD-43927F2013FF}.Release|Any CPU.ActiveCfg = Release|Any CPU
		{D558DC1A-1321-4020-80AD-43927F2013FF}.Release|Any CPU.Build.0 = Release|Any CPU
		{0656001A-3E3B-4DD5-9258-71622A6E4558}.Debug|Any CPU.ActiveCfg = Debug|Any CPU
		{0656001A-3E3B-4DD5-9258-71622A6E4558}.Debug|Any CPU.Build.0 = Debug|Any CPU
		{0656001A-3E3B-4DD5-9258-71622A6E4558}.Release|Any CPU.ActiveCfg = Release|Any CPU
		{0656001A-3E3B-4DD5-9258-71622A6E4558}.Release|Any CPU.Build.0 = Release|Any CPU
		{CAFFC320-7704-4B4F-8AB5-C8FB4E456586}.Debug|Any CPU.ActiveCfg = Debug|Any CPU
		{CAFFC320-7704-4B4F-8AB5-C8FB4E456586}.Debug|Any CPU.Build.0 = Debug|Any CPU
		{CAFFC320-7704-4B4F-8AB5-C8FB4E456586}.Release|Any CPU.ActiveCfg = Release|Any CPU
		{CAFFC320-7704-4B4F-8AB5-C8FB4E456586}.Release|Any CPU.Build.0 = Release|Any CPU
		{4630FFE6-DCA3-46D8-802C-33DFA484BDCB}.Debug|Any CPU.ActiveCfg = Debug|Any CPU
		{4630FFE6-DCA3-46D8-802C-33DFA484BDCB}.Debug|Any CPU.Build.0 = Debug|Any CPU
		{4630FFE6-DCA3-46D8-802C-33DFA484BDCB}.Release|Any CPU.ActiveCfg = Release|Any CPU
		{4630FFE6-DCA3-46D8-802C-33DFA484BDCB}.Release|Any CPU.Build.0 = Release|Any CPU
		{C50667A8-A79B-4B71-9929-6A0947D5085B}.Debug|Any CPU.ActiveCfg = Debug|Any CPU
		{C50667A8-A79B-4B71-9929-6A0947D5085B}.Debug|Any CPU.Build.0 = Debug|Any CPU
		{C50667A8-A79B-4B71-9929-6A0947D5085B}.Release|Any CPU.ActiveCfg = Release|Any CPU
		{C50667A8-A79B-4B71-9929-6A0947D5085B}.Release|Any CPU.Build.0 = Release|Any CPU
		{D71C4684-B38F-42E9-B3A5-C674F4A8BBB5}.Debug|Any CPU.ActiveCfg = Debug|Any CPU
		{D71C4684-B38F-42E9-B3A5-C674F4A8BBB5}.Debug|Any CPU.Build.0 = Debug|Any CPU
		{D71C4684-B38F-42E9-B3A5-C674F4A8BBB5}.Release|Any CPU.ActiveCfg = Release|Any CPU
		{D71C4684-B38F-42E9-B3A5-C674F4A8BBB5}.Release|Any CPU.Build.0 = Release|Any CPU
		{8DE8DFA0-C968-4D6A-8361-3CC1BFF99BBD}.Debug|Any CPU.ActiveCfg = Debug|Any CPU
		{8DE8DFA0-C968-4D6A-8361-3CC1BFF99BBD}.Debug|Any CPU.Build.0 = Debug|Any CPU
		{8DE8DFA0-C968-4D6A-8361-3CC1BFF99BBD}.Release|Any CPU.ActiveCfg = Release|Any CPU
		{8DE8DFA0-C968-4D6A-8361-3CC1BFF99BBD}.Release|Any CPU.Build.0 = Release|Any CPU
		{3D2098F3-E976-4BAA-B9F5-EB3139227F80}.Debug|Any CPU.ActiveCfg = Debug|Any CPU
		{3D2098F3-E976-4BAA-B9F5-EB3139227F80}.Debug|Any CPU.Build.0 = Debug|Any CPU
		{3D2098F3-E976-4BAA-B9F5-EB3139227F80}.Release|Any CPU.ActiveCfg = Release|Any CPU
		{3D2098F3-E976-4BAA-B9F5-EB3139227F80}.Release|Any CPU.Build.0 = Release|Any CPU
		{9C1384A1-BD8D-4470-81A2-0C882809B2C8}.Debug|Any CPU.ActiveCfg = Debug|Any CPU
		{9C1384A1-BD8D-4470-81A2-0C882809B2C8}.Debug|Any CPU.Build.0 = Debug|Any CPU
		{9C1384A1-BD8D-4470-81A2-0C882809B2C8}.Release|Any CPU.ActiveCfg = Release|Any CPU
		{9C1384A1-BD8D-4470-81A2-0C882809B2C8}.Release|Any CPU.Build.0 = Release|Any CPU
		{4CB0E063-F676-4100-A5CB-2429AB80FC32}.Debug|Any CPU.ActiveCfg = Debug|Any CPU
		{4CB0E063-F676-4100-A5CB-2429AB80FC32}.Debug|Any CPU.Build.0 = Debug|Any CPU
		{4CB0E063-F676-4100-A5CB-2429AB80FC32}.Release|Any CPU.ActiveCfg = Release|Any CPU
		{4CB0E063-F676-4100-A5CB-2429AB80FC32}.Release|Any CPU.Build.0 = Release|Any CPU
		{4AD78D47-80F4-4A7C-8C71-80C5507B1260}.Debug|Any CPU.ActiveCfg = Debug|Any CPU
		{4AD78D47-80F4-4A7C-8C71-80C5507B1260}.Debug|Any CPU.Build.0 = Debug|Any CPU
		{4AD78D47-80F4-4A7C-8C71-80C5507B1260}.Release|Any CPU.ActiveCfg = Release|Any CPU
		{4AD78D47-80F4-4A7C-8C71-80C5507B1260}.Release|Any CPU.Build.0 = Release|Any CPU
		{82543EA5-288F-4DBA-9357-17B616551432}.Debug|Any CPU.ActiveCfg = Debug|Any CPU
		{82543EA5-288F-4DBA-9357-17B616551432}.Debug|Any CPU.Build.0 = Debug|Any CPU
		{82543EA5-288F-4DBA-9357-17B616551432}.Release|Any CPU.ActiveCfg = Release|Any CPU
		{82543EA5-288F-4DBA-9357-17B616551432}.Release|Any CPU.Build.0 = Release|Any CPU
		{A0A4DC77-C2FA-4BBF-A1BB-D4C8C2AD106F}.Debug|Any CPU.ActiveCfg = Debug|Any CPU
		{A0A4DC77-C2FA-4BBF-A1BB-D4C8C2AD106F}.Debug|Any CPU.Build.0 = Debug|Any CPU
		{A0A4DC77-C2FA-4BBF-A1BB-D4C8C2AD106F}.Release|Any CPU.ActiveCfg = Release|Any CPU
		{A0A4DC77-C2FA-4BBF-A1BB-D4C8C2AD106F}.Release|Any CPU.Build.0 = Release|Any CPU
		{03999401-E0D2-4B51-85F8-260ECBF035C8}.Debug|Any CPU.ActiveCfg = Debug|Any CPU
		{03999401-E0D2-4B51-85F8-260ECBF035C8}.Debug|Any CPU.Build.0 = Debug|Any CPU
		{03999401-E0D2-4B51-85F8-260ECBF035C8}.Release|Any CPU.ActiveCfg = Release|Any CPU
		{03999401-E0D2-4B51-85F8-260ECBF035C8}.Release|Any CPU.Build.0 = Release|Any CPU
		{C84AD384-3FFE-41FE-8EF7-C29946F0CA31}.Debug|Any CPU.ActiveCfg = Debug|Any CPU
		{C84AD384-3FFE-41FE-8EF7-C29946F0CA31}.Debug|Any CPU.Build.0 = Debug|Any CPU
		{C84AD384-3FFE-41FE-8EF7-C29946F0CA31}.Release|Any CPU.ActiveCfg = Release|Any CPU
		{C84AD384-3FFE-41FE-8EF7-C29946F0CA31}.Release|Any CPU.Build.0 = Release|Any CPU
		{03CF9766-2B6E-495B-ABAA-C786A4E9028D}.Debug|Any CPU.ActiveCfg = Debug|Any CPU
		{03CF9766-2B6E-495B-ABAA-C786A4E9028D}.Debug|Any CPU.Build.0 = Debug|Any CPU
		{03CF9766-2B6E-495B-ABAA-C786A4E9028D}.Release|Any CPU.ActiveCfg = Release|Any CPU
		{03CF9766-2B6E-495B-ABAA-C786A4E9028D}.Release|Any CPU.Build.0 = Release|Any CPU
		{89311C1B-CC62-49C3-BA3C-B696C7912526}.Debug|Any CPU.ActiveCfg = Debug|Any CPU
		{89311C1B-CC62-49C3-BA3C-B696C7912526}.Debug|Any CPU.Build.0 = Debug|Any CPU
		{89311C1B-CC62-49C3-BA3C-B696C7912526}.Release|Any CPU.ActiveCfg = Release|Any CPU
		{89311C1B-CC62-49C3-BA3C-B696C7912526}.Release|Any CPU.Build.0 = Release|Any CPU
		{0C00E008-90AD-4FFA-AF93-BBD2D6EE3287}.Debug|Any CPU.ActiveCfg = Debug|Any CPU
		{0C00E008-90AD-4FFA-AF93-BBD2D6EE3287}.Debug|Any CPU.Build.0 = Debug|Any CPU
		{0C00E008-90AD-4FFA-AF93-BBD2D6EE3287}.Release|Any CPU.ActiveCfg = Release|Any CPU
		{0C00E008-90AD-4FFA-AF93-BBD2D6EE3287}.Release|Any CPU.Build.0 = Release|Any CPU
		{89034543-B719-4B13-98CA-E79A94FE1736}.Debug|Any CPU.ActiveCfg = Debug|Any CPU
		{89034543-B719-4B13-98CA-E79A94FE1736}.Debug|Any CPU.Build.0 = Debug|Any CPU
		{89034543-B719-4B13-98CA-E79A94FE1736}.Release|Any CPU.ActiveCfg = Release|Any CPU
		{89034543-B719-4B13-98CA-E79A94FE1736}.Release|Any CPU.Build.0 = Release|Any CPU
		{D71E4F31-ED80-40F4-8BBD-440A4CCC22BA}.Debug|Any CPU.ActiveCfg = Debug|Any CPU
		{D71E4F31-ED80-40F4-8BBD-440A4CCC22BA}.Debug|Any CPU.Build.0 = Debug|Any CPU
		{D71E4F31-ED80-40F4-8BBD-440A4CCC22BA}.Release|Any CPU.ActiveCfg = Release|Any CPU
		{D71E4F31-ED80-40F4-8BBD-440A4CCC22BA}.Release|Any CPU.Build.0 = Release|Any CPU
		{1386FE96-BDBA-4086-B8F5-3DC7731A741A}.Debug|Any CPU.ActiveCfg = Debug|Any CPU
		{1386FE96-BDBA-4086-B8F5-3DC7731A741A}.Debug|Any CPU.Build.0 = Debug|Any CPU
		{1386FE96-BDBA-4086-B8F5-3DC7731A741A}.Release|Any CPU.ActiveCfg = Release|Any CPU
		{1386FE96-BDBA-4086-B8F5-3DC7731A741A}.Release|Any CPU.Build.0 = Release|Any CPU
		{C7CB6D13-87B8-43AC-96B9-E0B1B36A757F}.Debug|Any CPU.ActiveCfg = Debug|Any CPU
		{C7CB6D13-87B8-43AC-96B9-E0B1B36A757F}.Debug|Any CPU.Build.0 = Debug|Any CPU
		{C7CB6D13-87B8-43AC-96B9-E0B1B36A757F}.Release|Any CPU.ActiveCfg = Release|Any CPU
		{C7CB6D13-87B8-43AC-96B9-E0B1B36A757F}.Release|Any CPU.Build.0 = Release|Any CPU
		{1CEB788C-271B-4B26-85A7-67D8DA7481B8}.Debug|Any CPU.ActiveCfg = Debug|Any CPU
		{1CEB788C-271B-4B26-85A7-67D8DA7481B8}.Debug|Any CPU.Build.0 = Debug|Any CPU
		{1CEB788C-271B-4B26-85A7-67D8DA7481B8}.Release|Any CPU.ActiveCfg = Release|Any CPU
		{1CEB788C-271B-4B26-85A7-67D8DA7481B8}.Release|Any CPU.Build.0 = Release|Any CPU
		{D67C676B-9B16-46FF-B903-8445FE4D173A}.Debug|Any CPU.ActiveCfg = Debug|Any CPU
		{D67C676B-9B16-46FF-B903-8445FE4D173A}.Debug|Any CPU.Build.0 = Debug|Any CPU
		{D67C676B-9B16-46FF-B903-8445FE4D173A}.Release|Any CPU.ActiveCfg = Release|Any CPU
		{D67C676B-9B16-46FF-B903-8445FE4D173A}.Release|Any CPU.Build.0 = Release|Any CPU
		{54DEC3D4-392D-47E7-93FB-DB65F6027914}.Debug|Any CPU.ActiveCfg = Debug|Any CPU
		{54DEC3D4-392D-47E7-93FB-DB65F6027914}.Debug|Any CPU.Build.0 = Debug|Any CPU
		{54DEC3D4-392D-47E7-93FB-DB65F6027914}.Release|Any CPU.ActiveCfg = Release|Any CPU
		{54DEC3D4-392D-47E7-93FB-DB65F6027914}.Release|Any CPU.Build.0 = Release|Any CPU
		{53C66FE9-C027-41EE-AB06-32923938CE1B}.Debug|Any CPU.ActiveCfg = Debug|Any CPU
		{53C66FE9-C027-41EE-AB06-32923938CE1B}.Debug|Any CPU.Build.0 = Debug|Any CPU
		{53C66FE9-C027-41EE-AB06-32923938CE1B}.Release|Any CPU.ActiveCfg = Release|Any CPU
		{53C66FE9-C027-41EE-AB06-32923938CE1B}.Release|Any CPU.Build.0 = Release|Any CPU
		{21076684-2D2C-4368-9E7E-8E296E00923C}.Debug|Any CPU.ActiveCfg = Debug|Any CPU
		{21076684-2D2C-4368-9E7E-8E296E00923C}.Debug|Any CPU.Build.0 = Debug|Any CPU
		{21076684-2D2C-4368-9E7E-8E296E00923C}.Release|Any CPU.ActiveCfg = Release|Any CPU
		{21076684-2D2C-4368-9E7E-8E296E00923C}.Release|Any CPU.Build.0 = Release|Any CPU
		{290D8FA1-5134-46A6-8E42-4B0B93C25D73}.Debug|Any CPU.ActiveCfg = Debug|Any CPU
		{290D8FA1-5134-46A6-8E42-4B0B93C25D73}.Debug|Any CPU.Build.0 = Debug|Any CPU
		{290D8FA1-5134-46A6-8E42-4B0B93C25D73}.Release|Any CPU.ActiveCfg = Release|Any CPU
		{290D8FA1-5134-46A6-8E42-4B0B93C25D73}.Release|Any CPU.Build.0 = Release|Any CPU
		{D6438C5E-DFFE-4D59-AE4C-12EA1B0B630B}.Debug|Any CPU.ActiveCfg = Debug|Any CPU
		{D6438C5E-DFFE-4D59-AE4C-12EA1B0B630B}.Debug|Any CPU.Build.0 = Debug|Any CPU
		{D6438C5E-DFFE-4D59-AE4C-12EA1B0B630B}.Release|Any CPU.ActiveCfg = Release|Any CPU
		{D6438C5E-DFFE-4D59-AE4C-12EA1B0B630B}.Release|Any CPU.Build.0 = Release|Any CPU
		{614EAFAE-AF0B-432D-B356-2E622FF502EC}.Debug|Any CPU.ActiveCfg = Debug|Any CPU
		{614EAFAE-AF0B-432D-B356-2E622FF502EC}.Debug|Any CPU.Build.0 = Debug|Any CPU
		{614EAFAE-AF0B-432D-B356-2E622FF502EC}.Release|Any CPU.ActiveCfg = Release|Any CPU
		{614EAFAE-AF0B-432D-B356-2E622FF502EC}.Release|Any CPU.Build.0 = Release|Any CPU
		{EB3E74EA-6199-4BF7-9FA5-0FD543A04534}.Debug|Any CPU.ActiveCfg = Debug|Any CPU
		{EB3E74EA-6199-4BF7-9FA5-0FD543A04534}.Debug|Any CPU.Build.0 = Debug|Any CPU
		{EB3E74EA-6199-4BF7-9FA5-0FD543A04534}.Release|Any CPU.ActiveCfg = Release|Any CPU
		{EB3E74EA-6199-4BF7-9FA5-0FD543A04534}.Release|Any CPU.Build.0 = Release|Any CPU
	EndGlobalSection
	GlobalSection(SolutionProperties) = preSolution
		HideSolutionNode = FALSE
	EndGlobalSection
	GlobalSection(NestedProjects) = preSolution
		{139F068F-930D-4058-89E1-A48670CCBA26} = {4BAD4472-192F-46F9-86D8-42ADC7A428A3}
		{57B8E4B6-996D-4431-B75B-7F5929C0F33A} = {4BAD4472-192F-46F9-86D8-42ADC7A428A3}
		{E426192D-A295-48BB-B843-BE72AEDF0D8C} = {4BAD4472-192F-46F9-86D8-42ADC7A428A3}
		{AA6633D0-45CC-4CAC-912F-1AD4B71E1092} = {4BAD4472-192F-46F9-86D8-42ADC7A428A3}
		{B8B06D7C-D39B-43EE-8844-F6D5F2749972} = {4BAD4472-192F-46F9-86D8-42ADC7A428A3}
		{14683948-482C-4434-BAB1-938D6A7FA130} = {4BAD4472-192F-46F9-86D8-42ADC7A428A3}
		{B03DCE6E-829F-4A8D-AEE8-21EEAE020A67} = {4BAD4472-192F-46F9-86D8-42ADC7A428A3}
		{47631C7D-686A-4700-8C60-F04435C9D1BC} = {4BAD4472-192F-46F9-86D8-42ADC7A428A3}
		{5BF34CDC-D00A-43F2-8590-6860B8A5D5DD} = {4BAD4472-192F-46F9-86D8-42ADC7A428A3}
		{4E16451A-291E-4EA6-BDAB-6EB02EEACDD2} = {4BAD4472-192F-46F9-86D8-42ADC7A428A3}
		{707C5A42-F93B-4D0A-B5A3-0A3A101C9B74} = {4BAD4472-192F-46F9-86D8-42ADC7A428A3}
		{E5E14C12-04EE-42CB-92FD-A72913D68ED0} = {4BAD4472-192F-46F9-86D8-42ADC7A428A3}
		{0BD2A85E-82A3-4D6E-8C78-A445DDD7178A} = {4BAD4472-192F-46F9-86D8-42ADC7A428A3}
		{47FC3EC8-841A-4396-90A8-F3BA61DD8892} = {4BAD4472-192F-46F9-86D8-42ADC7A428A3}
		{BC36186F-6A91-4805-ACE2-D3E55FADD882} = {4BAD4472-192F-46F9-86D8-42ADC7A428A3}
		{2278FFCE-7068-40CD-9C71-0387F8F6746A} = {4BAD4472-192F-46F9-86D8-42ADC7A428A3}
		{BF9A39AD-FC79-411E-8341-6D2E55382C88} = {4BAD4472-192F-46F9-86D8-42ADC7A428A3}
		{DA5ED592-6022-4316-B6B4-CAFA0928554C} = {4BAD4472-192F-46F9-86D8-42ADC7A428A3}
		{5321A2A5-684E-491A-B505-E9EF1D2484AC} = {4BAD4472-192F-46F9-86D8-42ADC7A428A3}
		{D4248049-AF4B-409E-844A-169361AFA708} = {4BAD4472-192F-46F9-86D8-42ADC7A428A3}
		{EBF1B830-DB2C-400F-A7C8-1CB663453FC2} = {4BAD4472-192F-46F9-86D8-42ADC7A428A3}
		{7BD2EE23-633B-4BB1-82BA-A326BBD09DE4} = {4BAD4472-192F-46F9-86D8-42ADC7A428A3}
		{CAD2033E-5FC7-46AD-97C7-2FE40F68F8E1} = {4BAD4472-192F-46F9-86D8-42ADC7A428A3}
		{BBAD0BE7-AEAA-45C9-9206-7CC011C65EBC} = {C0F099E4-35E7-4B30-9283-B53E54BD9481}
		{8E86A106-EA1E-408D-9EB8-77F55379A606} = {C0F099E4-35E7-4B30-9283-B53E54BD9481}
		{6657F337-9557-4A0A-A232-67C6D467EDCA} = {C0F099E4-35E7-4B30-9283-B53E54BD9481}
		{5639F935-766F-40F2-9751-446E52EEFD6D} = {C0F099E4-35E7-4B30-9283-B53E54BD9481}
		{BB547BEC-F8F9-4077-A50D-72983BB8E24D} = {C0F099E4-35E7-4B30-9283-B53E54BD9481}
		{13C78650-5C03-4A86-9DA6-30101943446A} = {C0F099E4-35E7-4B30-9283-B53E54BD9481}
		{D558DC1A-1321-4020-80AD-43927F2013FF} = {C0F099E4-35E7-4B30-9283-B53E54BD9481}
		{0656001A-3E3B-4DD5-9258-71622A6E4558} = {F7B9BF96-046E-4491-B237-E68E5096F2AE}
		{CAFFC320-7704-4B4F-8AB5-C8FB4E456586} = {F7B9BF96-046E-4491-B237-E68E5096F2AE}
		{4630FFE6-DCA3-46D8-802C-33DFA484BDCB} = {F7B9BF96-046E-4491-B237-E68E5096F2AE}
		{C50667A8-A79B-4B71-9929-6A0947D5085B} = {F7B9BF96-046E-4491-B237-E68E5096F2AE}
		{D71C4684-B38F-42E9-B3A5-C674F4A8BBB5} = {F7B9BF96-046E-4491-B237-E68E5096F2AE}
		{8DE8DFA0-C968-4D6A-8361-3CC1BFF99BBD} = {F7B9BF96-046E-4491-B237-E68E5096F2AE}
		{3D2098F3-E976-4BAA-B9F5-EB3139227F80} = {F7B9BF96-046E-4491-B237-E68E5096F2AE}
		{9C1384A1-BD8D-4470-81A2-0C882809B2C8} = {EAA40A4E-F5A4-4C3F-AFD8-7B19702834CD}
		{4CB0E063-F676-4100-A5CB-2429AB80FC32} = {EAA40A4E-F5A4-4C3F-AFD8-7B19702834CD}
		{4AD78D47-80F4-4A7C-8C71-80C5507B1260} = {EAA40A4E-F5A4-4C3F-AFD8-7B19702834CD}
		{82543EA5-288F-4DBA-9357-17B616551432} = {EAA40A4E-F5A4-4C3F-AFD8-7B19702834CD}
		{A0A4DC77-C2FA-4BBF-A1BB-D4C8C2AD106F} = {FBBDC7C5-2FC9-4EC3-90F9-37E048AC13FA}
		{03999401-E0D2-4B51-85F8-260ECBF035C8} = {FBBDC7C5-2FC9-4EC3-90F9-37E048AC13FA}
		{C84AD384-3FFE-41FE-8EF7-C29946F0CA31} = {FBBDC7C5-2FC9-4EC3-90F9-37E048AC13FA}
		{03CF9766-2B6E-495B-ABAA-C786A4E9028D} = {FBBDC7C5-2FC9-4EC3-90F9-37E048AC13FA}
		{89311C1B-CC62-49C3-BA3C-B696C7912526} = {FBBDC7C5-2FC9-4EC3-90F9-37E048AC13FA}
		{0C00E008-90AD-4FFA-AF93-BBD2D6EE3287} = {A48299CD-E538-4D6E-876E-3D8E7B4649D5}
		{89034543-B719-4B13-98CA-E79A94FE1736} = {A48299CD-E538-4D6E-876E-3D8E7B4649D5}
		{D71E4F31-ED80-40F4-8BBD-440A4CCC22BA} = {A48299CD-E538-4D6E-876E-3D8E7B4649D5}
		{1386FE96-BDBA-4086-B8F5-3DC7731A741A} = {A48299CD-E538-4D6E-876E-3D8E7B4649D5}
		{C7CB6D13-87B8-43AC-96B9-E0B1B36A757F} = {326DA21F-927E-4DA7-B86F-5EA708BBAA5D}
		{1CEB788C-271B-4B26-85A7-67D8DA7481B8} = {326DA21F-927E-4DA7-B86F-5EA708BBAA5D}
		{D67C676B-9B16-46FF-B903-8445FE4D173A} = {EEBAA041-CD7C-4D85-8A0D-04379BCC3F3C}
		{54DEC3D4-392D-47E7-93FB-DB65F6027914} = {EEBAA041-CD7C-4D85-8A0D-04379BCC3F3C}
		{53C66FE9-C027-41EE-AB06-32923938CE1B} = {EEBAA041-CD7C-4D85-8A0D-04379BCC3F3C}
		{21076684-2D2C-4368-9E7E-8E296E00923C} = {EEBAA041-CD7C-4D85-8A0D-04379BCC3F3C}
		{290D8FA1-5134-46A6-8E42-4B0B93C25D73} = {EEBAA041-CD7C-4D85-8A0D-04379BCC3F3C}
		{D6438C5E-DFFE-4D59-AE4C-12EA1B0B630B} = {EEBAA041-CD7C-4D85-8A0D-04379BCC3F3C}
		{614EAFAE-AF0B-432D-B356-2E622FF502EC} = {EEBAA041-CD7C-4D85-8A0D-04379BCC3F3C}
	EndGlobalSection
EndGlobal
